// !$*UTF8*$!
{
	archiveVersion = 1;
	classes = {
	};
	objectVersion = 51;
	objects = {

/* Begin PBXBuildFile section */
		2407E8D225EFD0D6005AB2D7 /* IconIdentifiers.swift in Sources */ = {isa = PBXBuildFile; fileRef = 2407E8D125EFD0D6005AB2D7 /* IconIdentifiers.swift */; };
		2407E8D725EFEF42005AB2D7 /* GraphViewController.swift in Sources */ = {isa = PBXBuildFile; fileRef = 2407E8D625EFEF42005AB2D7 /* GraphViewController.swift */; };
		241D3F9A25E9104F00ABD0BF /* TransactionDisplayTableViewCell.swift in Sources */ = {isa = PBXBuildFile; fileRef = 241D3F9825E9104F00ABD0BF /* TransactionDisplayTableViewCell.swift */; };
		241D3F9B25E9104F00ABD0BF /* TransactionDisplayTableViewCell.xib in Resources */ = {isa = PBXBuildFile; fileRef = 241D3F9925E9104F00ABD0BF /* TransactionDisplayTableViewCell.xib */; };
		241D3F9E25E9204000ABD0BF /* AddTransactionViewController.swift in Sources */ = {isa = PBXBuildFile; fileRef = 241D3F9D25E9204000ABD0BF /* AddTransactionViewController.swift */; };
		241D3FA125E925E700ABD0BF /* Categorys.swift in Sources */ = {isa = PBXBuildFile; fileRef = 241D3FA025E925E700ABD0BF /* Categorys.swift */; };
		24AF02C125E5747700BD8060 /* AppDelegate.swift in Sources */ = {isa = PBXBuildFile; fileRef = 24AF02C025E5747700BD8060 /* AppDelegate.swift */; };
		24AF02C325E5747700BD8060 /* SceneDelegate.swift in Sources */ = {isa = PBXBuildFile; fileRef = 24AF02C225E5747700BD8060 /* SceneDelegate.swift */; };
		24AF02C525E5747700BD8060 /* ViewController.swift in Sources */ = {isa = PBXBuildFile; fileRef = 24AF02C425E5747700BD8060 /* ViewController.swift */; };
		24AF02C825E5747700BD8060 /* Main.storyboard in Resources */ = {isa = PBXBuildFile; fileRef = 24AF02C625E5747700BD8060 /* Main.storyboard */; };
		24AF02CB25E5747700BD8060 /* Expensee.xcdatamodeld in Sources */ = {isa = PBXBuildFile; fileRef = 24AF02C925E5747700BD8060 /* Expensee.xcdatamodeld */; };
		24AF02CD25E5747800BD8060 /* Assets.xcassets in Resources */ = {isa = PBXBuildFile; fileRef = 24AF02CC25E5747800BD8060 /* Assets.xcassets */; };
		24AF02D025E5747800BD8060 /* LaunchScreen.storyboard in Resources */ = {isa = PBXBuildFile; fileRef = 24AF02CE25E5747800BD8060 /* LaunchScreen.storyboard */; };
		24C2AD4B25E763630031EA17 /* DisplayTransactionListViewController.swift in Sources */ = {isa = PBXBuildFile; fileRef = 24C2AD4A25E763630031EA17 /* DisplayTransactionListViewController.swift */; };
		24C2AD4E25E764280031EA17 /* DatabaseOperation.swift in Sources */ = {isa = PBXBuildFile; fileRef = 24C2AD4D25E764280031EA17 /* DatabaseOperation.swift */; };
		24E4379625EDF08400F6A7D0 /* Utils.swift in Sources */ = {isa = PBXBuildFile; fileRef = 24E4379525EDF08400F6A7D0 /* Utils.swift */; };
		24FD960425E9FBC10010078C /* DatePickerViewController.swift in Sources */ = {isa = PBXBuildFile; fileRef = 24FD960325E9FBC10010078C /* DatePickerViewController.swift */; };
		24FD960B25EA072B0010078C /* CoreDataPredicates.swift in Sources */ = {isa = PBXBuildFile; fileRef = 24FD960A25EA072B0010078C /* CoreDataPredicates.swift */; };
		24FD961325EA2C2E0010078C /* CategoryListViewController.swift in Sources */ = {isa = PBXBuildFile; fileRef = 24FD961225EA2C2E0010078C /* CategoryListViewController.swift */; };
		E82C890EDAFB11992AF4D47E /* Pods_Expensee.framework in Frameworks */ = {isa = PBXBuildFile; fileRef = 987B38AAF3311FE99CA0AE66 /* Pods_Expensee.framework */; };
/* End PBXBuildFile section */

/* Begin PBXFileReference section */
		2407E8D125EFD0D6005AB2D7 /* IconIdentifiers.swift */ = {isa = PBXFileReference; lastKnownFileType = sourcecode.swift; path = IconIdentifiers.swift; sourceTree = "<group>"; };
		2407E8D625EFEF42005AB2D7 /* GraphViewController.swift */ = {isa = PBXFileReference; lastKnownFileType = sourcecode.swift; path = GraphViewController.swift; sourceTree = "<group>"; };
		241D3F9825E9104F00ABD0BF /* TransactionDisplayTableViewCell.swift */ = {isa = PBXFileReference; lastKnownFileType = sourcecode.swift; path = TransactionDisplayTableViewCell.swift; sourceTree = "<group>"; };
		241D3F9925E9104F00ABD0BF /* TransactionDisplayTableViewCell.xib */ = {isa = PBXFileReference; lastKnownFileType = file.xib; path = TransactionDisplayTableViewCell.xib; sourceTree = "<group>"; };
		241D3F9D25E9204000ABD0BF /* AddTransactionViewController.swift */ = {isa = PBXFileReference; lastKnownFileType = sourcecode.swift; path = AddTransactionViewController.swift; sourceTree = "<group>"; };
		241D3FA025E925E700ABD0BF /* Categorys.swift */ = {isa = PBXFileReference; lastKnownFileType = sourcecode.swift; path = Categorys.swift; sourceTree = "<group>"; };
		24AF02BD25E5747700BD8060 /* Expensee.app */ = {isa = PBXFileReference; explicitFileType = wrapper.application; includeInIndex = 0; path = Expensee.app; sourceTree = BUILT_PRODUCTS_DIR; };
		24AF02C025E5747700BD8060 /* AppDelegate.swift */ = {isa = PBXFileReference; lastKnownFileType = sourcecode.swift; path = AppDelegate.swift; sourceTree = "<group>"; };
		24AF02C225E5747700BD8060 /* SceneDelegate.swift */ = {isa = PBXFileReference; lastKnownFileType = sourcecode.swift; path = SceneDelegate.swift; sourceTree = "<group>"; };
		24AF02C425E5747700BD8060 /* ViewController.swift */ = {isa = PBXFileReference; lastKnownFileType = sourcecode.swift; path = ViewController.swift; sourceTree = "<group>"; };
		24AF02C725E5747700BD8060 /* Base */ = {isa = PBXFileReference; lastKnownFileType = file.storyboard; name = Base; path = Base.lproj/Main.storyboard; sourceTree = "<group>"; };
		24AF02CA25E5747700BD8060 /* Expensee.xcdatamodel */ = {isa = PBXFileReference; lastKnownFileType = wrapper.xcdatamodel; path = Expensee.xcdatamodel; sourceTree = "<group>"; };
		24AF02CC25E5747800BD8060 /* Assets.xcassets */ = {isa = PBXFileReference; lastKnownFileType = folder.assetcatalog; path = Assets.xcassets; sourceTree = "<group>"; };
		24AF02CF25E5747800BD8060 /* Base */ = {isa = PBXFileReference; lastKnownFileType = file.storyboard; name = Base; path = Base.lproj/LaunchScreen.storyboard; sourceTree = "<group>"; };
		24AF02D125E5747800BD8060 /* Info.plist */ = {isa = PBXFileReference; lastKnownFileType = text.plist.xml; path = Info.plist; sourceTree = "<group>"; };
		24C2AD4A25E763630031EA17 /* DisplayTransactionListViewController.swift */ = {isa = PBXFileReference; lastKnownFileType = sourcecode.swift; path = DisplayTransactionListViewController.swift; sourceTree = "<group>"; };
		24C2AD4D25E764280031EA17 /* DatabaseOperation.swift */ = {isa = PBXFileReference; lastKnownFileType = sourcecode.swift; path = DatabaseOperation.swift; sourceTree = "<group>"; };
		24E4379525EDF08400F6A7D0 /* Utils.swift */ = {isa = PBXFileReference; lastKnownFileType = sourcecode.swift; path = Utils.swift; sourceTree = "<group>"; };
		24FD960325E9FBC10010078C /* DatePickerViewController.swift */ = {isa = PBXFileReference; lastKnownFileType = sourcecode.swift; path = DatePickerViewController.swift; sourceTree = "<group>"; };
		24FD960A25EA072B0010078C /* CoreDataPredicates.swift */ = {isa = PBXFileReference; lastKnownFileType = sourcecode.swift; path = CoreDataPredicates.swift; sourceTree = "<group>"; };
		24FD961225EA2C2E0010078C /* CategoryListViewController.swift */ = {isa = PBXFileReference; lastKnownFileType = sourcecode.swift; path = CategoryListViewController.swift; sourceTree = "<group>"; };
		5E552D933F104CFD4ABBA5F8 /* Pods-Expensee.debug.xcconfig */ = {isa = PBXFileReference; includeInIndex = 1; lastKnownFileType = text.xcconfig; name = "Pods-Expensee.debug.xcconfig"; path = "Target Support Files/Pods-Expensee/Pods-Expensee.debug.xcconfig"; sourceTree = "<group>"; };
		987B38AAF3311FE99CA0AE66 /* Pods_Expensee.framework */ = {isa = PBXFileReference; explicitFileType = wrapper.framework; includeInIndex = 0; path = Pods_Expensee.framework; sourceTree = BUILT_PRODUCTS_DIR; };
		B90F7B732E2D824B5D551666 /* Pods-Expensee.release.xcconfig */ = {isa = PBXFileReference; includeInIndex = 1; lastKnownFileType = text.xcconfig; name = "Pods-Expensee.release.xcconfig"; path = "Target Support Files/Pods-Expensee/Pods-Expensee.release.xcconfig"; sourceTree = "<group>"; };
/* End PBXFileReference section */

/* Begin PBXFrameworksBuildPhase section */
		24AF02BA25E5747700BD8060 /* Frameworks */ = {
			isa = PBXFrameworksBuildPhase;
			buildActionMask = 2147483647;
			files = (
				E82C890EDAFB11992AF4D47E /* Pods_Expensee.framework in Frameworks */,
			);
			runOnlyForDeploymentPostprocessing = 0;
		};
/* End PBXFrameworksBuildPhase section */

/* Begin PBXGroup section */
		2407E8D525EFEF33005AB2D7 /* Graph */ = {
			isa = PBXGroup;
			children = (
				2407E8D625EFEF42005AB2D7 /* GraphViewController.swift */,
			);
			path = Graph;
			sourceTree = "<group>";
		};
		24AF02B425E5747700BD8060 = {
			isa = PBXGroup;
			children = (
				24AF02BF25E5747700BD8060 /* Expensee */,
				24AF02BE25E5747700BD8060 /* Products */,
				90F67C90F9C5DE2F138D5628 /* Pods */,
				8C2BA19F43AAA528A136B6F6 /* Frameworks */,
			);
			sourceTree = "<group>";
		};
		24AF02BE25E5747700BD8060 /* Products */ = {
			isa = PBXGroup;
			children = (
				24AF02BD25E5747700BD8060 /* Expensee.app */,
			);
			name = Products;
			sourceTree = "<group>";
		};
		24AF02BF25E5747700BD8060 /* Expensee */ = {
			isa = PBXGroup;
			children = (
				24AF02C025E5747700BD8060 /* AppDelegate.swift */,
				24AF02C225E5747700BD8060 /* SceneDelegate.swift */,
				24AF02C425E5747700BD8060 /* ViewController.swift */,
				24AF02C625E5747700BD8060 /* Main.storyboard */,
				24AF02CC25E5747800BD8060 /* Assets.xcassets */,
				24AF02CE25E5747800BD8060 /* LaunchScreen.storyboard */,
				24AF02D125E5747800BD8060 /* Info.plist */,
				24AF02C925E5747700BD8060 /* Expensee.xcdatamodeld */,
				2407E8D525EFEF33005AB2D7 /* Graph */,
				24FD961025EA2C110010078C /* Category */,
				24FD960625EA03350010078C /* Display */,
				24FD960725EA03440010078C /* addTransaction */,
				24FD960825EA03680010078C /* Common */,
			);
			path = Expensee;
			sourceTree = "<group>";
		};
		24FD960625EA03350010078C /* Display */ = {
			isa = PBXGroup;
			children = (
				24C2AD4A25E763630031EA17 /* DisplayTransactionListViewController.swift */,
				241D3F9825E9104F00ABD0BF /* TransactionDisplayTableViewCell.swift */,
				241D3F9925E9104F00ABD0BF /* TransactionDisplayTableViewCell.xib */,
			);
			path = Display;
			sourceTree = "<group>";
		};
		24FD960725EA03440010078C /* addTransaction */ = {
			isa = PBXGroup;
			children = (
				241D3F9D25E9204000ABD0BF /* AddTransactionViewController.swift */,
				24FD960325E9FBC10010078C /* DatePickerViewController.swift */,
			);
			path = addTransaction;
			sourceTree = "<group>";
		};
		24FD960825EA03680010078C /* Common */ = {
			isa = PBXGroup;
			children = (
				24C2AD4D25E764280031EA17 /* DatabaseOperation.swift */,
				24FD960A25EA072B0010078C /* CoreDataPredicates.swift */,
				24E4379525EDF08400F6A7D0 /* Utils.swift */,
				2407E8D125EFD0D6005AB2D7 /* IconIdentifiers.swift */,
			);
			path = Common;
			sourceTree = "<group>";
		};
		24FD961025EA2C110010078C /* Category */ = {
			isa = PBXGroup;
			children = (
				241D3FA025E925E700ABD0BF /* Categorys.swift */,
				24FD961225EA2C2E0010078C /* CategoryListViewController.swift */,
			);
			path = Category;
			sourceTree = "<group>";
		};
		8C2BA19F43AAA528A136B6F6 /* Frameworks */ = {
			isa = PBXGroup;
			children = (
				987B38AAF3311FE99CA0AE66 /* Pods_Expensee.framework */,
			);
			name = Frameworks;
			sourceTree = "<group>";
		};
		90F67C90F9C5DE2F138D5628 /* Pods */ = {
			isa = PBXGroup;
			children = (
				5E552D933F104CFD4ABBA5F8 /* Pods-Expensee.debug.xcconfig */,
				B90F7B732E2D824B5D551666 /* Pods-Expensee.release.xcconfig */,
			);
			path = Pods;
			sourceTree = "<group>";
		};
/* End PBXGroup section */

/* Begin PBXNativeTarget section */
		24AF02BC25E5747700BD8060 /* Expensee */ = {
			isa = PBXNativeTarget;
			buildConfigurationList = 24AF02D425E5747800BD8060 /* Build configuration list for PBXNativeTarget "Expensee" */;
			buildPhases = (
				CF9A83A43DCBA809111CB305 /* [CP] Check Pods Manifest.lock */,
				24AF02B925E5747700BD8060 /* Sources */,
				24AF02BA25E5747700BD8060 /* Frameworks */,
				24AF02BB25E5747700BD8060 /* Resources */,
				84F68213EEF6E80209F02325 /* [CP] Embed Pods Frameworks */,
				FC8DAC0DFD7AC37B0A2CA42F /* [CP] Copy Pods Resources */,
			);
			buildRules = (
			);
			dependencies = (
			);
			name = Expensee;
			productName = Expensee;
			productReference = 24AF02BD25E5747700BD8060 /* Expensee.app */;
			productType = "com.apple.product-type.application";
		};
/* End PBXNativeTarget section */

/* Begin PBXProject section */
		24AF02B525E5747700BD8060 /* Project object */ = {
			isa = PBXProject;
			attributes = {
				LastSwiftUpdateCheck = 1220;
				LastUpgradeCheck = 1220;
				TargetAttributes = {
					24AF02BC25E5747700BD8060 = {
						CreatedOnToolsVersion = 12.2;
					};
				};
			};
			buildConfigurationList = 24AF02B825E5747700BD8060 /* Build configuration list for PBXProject "Expensee" */;
			compatibilityVersion = "Xcode 9.3";
			developmentRegion = en;
			hasScannedForEncodings = 0;
			knownRegions = (
				en,
				Base,
			);
			mainGroup = 24AF02B425E5747700BD8060;
			productRefGroup = 24AF02BE25E5747700BD8060 /* Products */;
			projectDirPath = "";
			projectRoot = "";
			targets = (
				24AF02BC25E5747700BD8060 /* Expensee */,
			);
		};
/* End PBXProject section */

/* Begin PBXResourcesBuildPhase section */
		24AF02BB25E5747700BD8060 /* Resources */ = {
			isa = PBXResourcesBuildPhase;
			buildActionMask = 2147483647;
			files = (
				24AF02D025E5747800BD8060 /* LaunchScreen.storyboard in Resources */,
				24AF02CD25E5747800BD8060 /* Assets.xcassets in Resources */,
				24AF02C825E5747700BD8060 /* Main.storyboard in Resources */,
				241D3F9B25E9104F00ABD0BF /* TransactionDisplayTableViewCell.xib in Resources */,
			);
			runOnlyForDeploymentPostprocessing = 0;
		};
/* End PBXResourcesBuildPhase section */

/* Begin PBXShellScriptBuildPhase section */
		84F68213EEF6E80209F02325 /* [CP] Embed Pods Frameworks */ = {
			isa = PBXShellScriptBuildPhase;
			buildActionMask = 2147483647;
			files = (
			);
			inputFileListPaths = (
				"${PODS_ROOT}/Target Support Files/Pods-Expensee/Pods-Expensee-frameworks-${CONFIGURATION}-input-files.xcfilelist",
			);
			name = "[CP] Embed Pods Frameworks";
			outputFileListPaths = (
				"${PODS_ROOT}/Target Support Files/Pods-Expensee/Pods-Expensee-frameworks-${CONFIGURATION}-output-files.xcfilelist",
			);
			runOnlyForDeploymentPostprocessing = 0;
			shellPath = /bin/sh;
			shellScript = "\"${PODS_ROOT}/Target Support Files/Pods-Expensee/Pods-Expensee-frameworks.sh\"\n";
			showEnvVarsInLog = 0;
		};
		CF9A83A43DCBA809111CB305 /* [CP] Check Pods Manifest.lock */ = {
			isa = PBXShellScriptBuildPhase;
			buildActionMask = 2147483647;
			files = (
			);
			inputFileListPaths = (
			);
			inputPaths = (
				"${PODS_PODFILE_DIR_PATH}/Podfile.lock",
				"${PODS_ROOT}/Manifest.lock",
			);
			name = "[CP] Check Pods Manifest.lock";
			outputFileListPaths = (
			);
			outputPaths = (
				"$(DERIVED_FILE_DIR)/Pods-Expensee-checkManifestLockResult.txt",
			);
			runOnlyForDeploymentPostprocessing = 0;
			shellPath = /bin/sh;
			shellScript = "diff \"${PODS_PODFILE_DIR_PATH}/Podfile.lock\" \"${PODS_ROOT}/Manifest.lock\" > /dev/null\nif [ $? != 0 ] ; then\n    # print error to STDERR\n    echo \"error: The sandbox is not in sync with the Podfile.lock. Run 'pod install' or update your CocoaPods installation.\" >&2\n    exit 1\nfi\n# This output is used by Xcode 'outputs' to avoid re-running this script phase.\necho \"SUCCESS\" > \"${SCRIPT_OUTPUT_FILE_0}\"\n";
			showEnvVarsInLog = 0;
		};
		FC8DAC0DFD7AC37B0A2CA42F /* [CP] Copy Pods Resources */ = {
			isa = PBXShellScriptBuildPhase;
			buildActionMask = 2147483647;
			files = (
			);
			inputFileListPaths = (
				"${PODS_ROOT}/Target Support Files/Pods-Expensee/Pods-Expensee-resources-${CONFIGURATION}-input-files.xcfilelist",
			);
			name = "[CP] Copy Pods Resources";
			outputFileListPaths = (
				"${PODS_ROOT}/Target Support Files/Pods-Expensee/Pods-Expensee-resources-${CONFIGURATION}-output-files.xcfilelist",
			);
			runOnlyForDeploymentPostprocessing = 0;
			shellPath = /bin/sh;
			shellScript = "\"${PODS_ROOT}/Target Support Files/Pods-Expensee/Pods-Expensee-resources.sh\"\n";
			showEnvVarsInLog = 0;
		};
/* End PBXShellScriptBuildPhase section */

/* Begin PBXSourcesBuildPhase section */
		24AF02B925E5747700BD8060 /* Sources */ = {
			isa = PBXSourcesBuildPhase;
			buildActionMask = 2147483647;
			files = (
				24C2AD4E25E764280031EA17 /* DatabaseOperation.swift in Sources */,
				24AF02C525E5747700BD8060 /* ViewController.swift in Sources */,
				24AF02C125E5747700BD8060 /* AppDelegate.swift in Sources */,
				24FD960B25EA072B0010078C /* CoreDataPredicates.swift in Sources */,
				24AF02CB25E5747700BD8060 /* Expensee.xcdatamodeld in Sources */,
				24E4379625EDF08400F6A7D0 /* Utils.swift in Sources */,
				2407E8D725EFEF42005AB2D7 /* GraphViewController.swift in Sources */,
				24AF02C325E5747700BD8060 /* SceneDelegate.swift in Sources */,
				2407E8D225EFD0D6005AB2D7 /* IconIdentifiers.swift in Sources */,
				241D3F9A25E9104F00ABD0BF /* TransactionDisplayTableViewCell.swift in Sources */,
				24FD960425E9FBC10010078C /* DatePickerViewController.swift in Sources */,
				24FD961325EA2C2E0010078C /* CategoryListViewController.swift in Sources */,
				241D3FA125E925E700ABD0BF /* Categorys.swift in Sources */,
				24C2AD4B25E763630031EA17 /* DisplayTransactionListViewController.swift in Sources */,
				241D3F9E25E9204000ABD0BF /* AddTransactionViewController.swift in Sources */,
			);
			runOnlyForDeploymentPostprocessing = 0;
		};
/* End PBXSourcesBuildPhase section */

/* Begin PBXVariantGroup section */
		24AF02C625E5747700BD8060 /* Main.storyboard */ = {
			isa = PBXVariantGroup;
			children = (
				24AF02C725E5747700BD8060 /* Base */,
			);
			name = Main.storyboard;
			sourceTree = "<group>";
		};
		24AF02CE25E5747800BD8060 /* LaunchScreen.storyboard */ = {
			isa = PBXVariantGroup;
			children = (
				24AF02CF25E5747800BD8060 /* Base */,
			);
			name = LaunchScreen.storyboard;
			sourceTree = "<group>";
		};
/* End PBXVariantGroup section */

/* Begin XCBuildConfiguration section */
		24AF02D225E5747800BD8060 /* Debug */ = {
			isa = XCBuildConfiguration;
			buildSettings = {
				ALWAYS_SEARCH_USER_PATHS = NO;
				CLANG_ANALYZER_NONNULL = YES;
				CLANG_ANALYZER_NUMBER_OBJECT_CONVERSION = YES_AGGRESSIVE;
				CLANG_CXX_LANGUAGE_STANDARD = "gnu++14";
				CLANG_CXX_LIBRARY = "libc++";
				CLANG_ENABLE_MODULES = YES;
				CLANG_ENABLE_OBJC_ARC = YES;
				CLANG_ENABLE_OBJC_WEAK = YES;
				CLANG_WARN_BLOCK_CAPTURE_AUTORELEASING = YES;
				CLANG_WARN_BOOL_CONVERSION = YES;
				CLANG_WARN_COMMA = YES;
				CLANG_WARN_CONSTANT_CONVERSION = YES;
				CLANG_WARN_DEPRECATED_OBJC_IMPLEMENTATIONS = YES;
				CLANG_WARN_DIRECT_OBJC_ISA_USAGE = YES_ERROR;
				CLANG_WARN_DOCUMENTATION_COMMENTS = YES;
				CLANG_WARN_EMPTY_BODY = YES;
				CLANG_WARN_ENUM_CONVERSION = YES;
				CLANG_WARN_INFINITE_RECURSION = YES;
				CLANG_WARN_INT_CONVERSION = YES;
				CLANG_WARN_NON_LITERAL_NULL_CONVERSION = YES;
				CLANG_WARN_OBJC_IMPLICIT_RETAIN_SELF = YES;
				CLANG_WARN_OBJC_LITERAL_CONVERSION = YES;
				CLANG_WARN_OBJC_ROOT_CLASS = YES_ERROR;
				CLANG_WARN_QUOTED_INCLUDE_IN_FRAMEWORK_HEADER = YES;
				CLANG_WARN_RANGE_LOOP_ANALYSIS = YES;
				CLANG_WARN_STRICT_PROTOTYPES = YES;
				CLANG_WARN_SUSPICIOUS_MOVE = YES;
				CLANG_WARN_UNGUARDED_AVAILABILITY = YES_AGGRESSIVE;
				CLANG_WARN_UNREACHABLE_CODE = YES;
				CLANG_WARN__DUPLICATE_METHOD_MATCH = YES;
				COPY_PHASE_STRIP = NO;
				DEBUG_INFORMATION_FORMAT = dwarf;
				ENABLE_STRICT_OBJC_MSGSEND = YES;
				ENABLE_TESTABILITY = YES;
				GCC_C_LANGUAGE_STANDARD = gnu11;
				GCC_DYNAMIC_NO_PIC = NO;
				GCC_NO_COMMON_BLOCKS = YES;
				GCC_OPTIMIZATION_LEVEL = 0;
				GCC_PREPROCESSOR_DEFINITIONS = (
					"DEBUG=1",
					"$(inherited)",
				);
				GCC_WARN_64_TO_32_BIT_CONVERSION = YES;
				GCC_WARN_ABOUT_RETURN_TYPE = YES_ERROR;
				GCC_WARN_UNDECLARED_SELECTOR = YES;
				GCC_WARN_UNINITIALIZED_AUTOS = YES_AGGRESSIVE;
				GCC_WARN_UNUSED_FUNCTION = YES;
				GCC_WARN_UNUSED_VARIABLE = YES;
				IPHONEOS_DEPLOYMENT_TARGET = 13.0;
				MTL_ENABLE_DEBUG_INFO = INCLUDE_SOURCE;
				MTL_FAST_MATH = YES;
				ONLY_ACTIVE_ARCH = YES;
				SDKROOT = iphoneos;
				SWIFT_ACTIVE_COMPILATION_CONDITIONS = DEBUG;
				SWIFT_OPTIMIZATION_LEVEL = "-Onone";
			};
			name = Debug;
		};
		24AF02D325E5747800BD8060 /* Release */ = {
			isa = XCBuildConfiguration;
			buildSettings = {
				ALWAYS_SEARCH_USER_PATHS = NO;
				CLANG_ANALYZER_NONNULL = YES;
				CLANG_ANALYZER_NUMBER_OBJECT_CONVERSION = YES_AGGRESSIVE;
				CLANG_CXX_LANGUAGE_STANDARD = "gnu++14";
				CLANG_CXX_LIBRARY = "libc++";
				CLANG_ENABLE_MODULES = YES;
				CLANG_ENABLE_OBJC_ARC = YES;
				CLANG_ENABLE_OBJC_WEAK = YES;
				CLANG_WARN_BLOCK_CAPTURE_AUTORELEASING = YES;
				CLANG_WARN_BOOL_CONVERSION = YES;
				CLANG_WARN_COMMA = YES;
				CLANG_WARN_CONSTANT_CONVERSION = YES;
				CLANG_WARN_DEPRECATED_OBJC_IMPLEMENTATIONS = YES;
				CLANG_WARN_DIRECT_OBJC_ISA_USAGE = YES_ERROR;
				CLANG_WARN_DOCUMENTATION_COMMENTS = YES;
				CLANG_WARN_EMPTY_BODY = YES;
				CLANG_WARN_ENUM_CONVERSION = YES;
				CLANG_WARN_INFINITE_RECURSION = YES;
				CLANG_WARN_INT_CONVERSION = YES;
				CLANG_WARN_NON_LITERAL_NULL_CONVERSION = YES;
				CLANG_WARN_OBJC_IMPLICIT_RETAIN_SELF = YES;
				CLANG_WARN_OBJC_LITERAL_CONVERSION = YES;
				CLANG_WARN_OBJC_ROOT_CLASS = YES_ERROR;
				CLANG_WARN_QUOTED_INCLUDE_IN_FRAMEWORK_HEADER = YES;
				CLANG_WARN_RANGE_LOOP_ANALYSIS = YES;
				CLANG_WARN_STRICT_PROTOTYPES = YES;
				CLANG_WARN_SUSPICIOUS_MOVE = YES;
				CLANG_WARN_UNGUARDED_AVAILABILITY = YES_AGGRESSIVE;
				CLANG_WARN_UNREACHABLE_CODE = YES;
				CLANG_WARN__DUPLICATE_METHOD_MATCH = YES;
				COPY_PHASE_STRIP = NO;
				DEBUG_INFORMATION_FORMAT = "dwarf-with-dsym";
				ENABLE_NS_ASSERTIONS = NO;
				ENABLE_STRICT_OBJC_MSGSEND = YES;
				GCC_C_LANGUAGE_STANDARD = gnu11;
				GCC_NO_COMMON_BLOCKS = YES;
				GCC_WARN_64_TO_32_BIT_CONVERSION = YES;
				GCC_WARN_ABOUT_RETURN_TYPE = YES_ERROR;
				GCC_WARN_UNDECLARED_SELECTOR = YES;
				GCC_WARN_UNINITIALIZED_AUTOS = YES_AGGRESSIVE;
				GCC_WARN_UNUSED_FUNCTION = YES;
				GCC_WARN_UNUSED_VARIABLE = YES;
				IPHONEOS_DEPLOYMENT_TARGET = 13.0;
				MTL_ENABLE_DEBUG_INFO = NO;
				MTL_FAST_MATH = YES;
				SDKROOT = iphoneos;
				SWIFT_COMPILATION_MODE = wholemodule;
				SWIFT_OPTIMIZATION_LEVEL = "-O";
				VALIDATE_PRODUCT = YES;
			};
			name = Release;
		};
		24AF02D525E5747800BD8060 /* Debug */ = {
			isa = XCBuildConfiguration;
			baseConfigurationReference = 5E552D933F104CFD4ABBA5F8 /* Pods-Expensee.debug.xcconfig */;
			buildSettings = {
				ASSETCATALOG_COMPILER_APPICON_NAME = AppIcon;
				ASSETCATALOG_COMPILER_GLOBAL_ACCENT_COLOR_NAME = AccentColor;
				CODE_SIGN_STYLE = Automatic;
				DEVELOPMENT_TEAM = RBHG9DH5NM;
				INFOPLIST_FILE = Expensee/Info.plist;
				LD_RUNPATH_SEARCH_PATHS = (
					"$(inherited)",
					"@executable_path/Frameworks",
				);
				PRODUCT_BUNDLE_IDENTIFIER = com.self.gesture.expense.Expensee;
				PRODUCT_NAME = "$(TARGET_NAME)";
				SWIFT_VERSION = 5.0;
				TARGETED_DEVICE_FAMILY = "1,2";
			};
			name = Debug;
		};
		24AF02D625E5747800BD8060 /* Release */ = {
			isa = XCBuildConfiguration;
			baseConfigurationReference = B90F7B732E2D824B5D551666 /* Pods-Expensee.release.xcconfig */;
			buildSettings = {
				ASSETCATALOG_COMPILER_APPICON_NAME = AppIcon;
				ASSETCATALOG_COMPILER_GLOBAL_ACCENT_COLOR_NAME = AccentColor;
				CODE_SIGN_STYLE = Automatic;
				DEVELOPMENT_TEAM = RBHG9DH5NM;
				INFOPLIST_FILE = Expensee/Info.plist;
				LD_RUNPATH_SEARCH_PATHS = (
					"$(inherited)",
					"@executable_path/Frameworks",
				);
				PRODUCT_BUNDLE_IDENTIFIER = com.self.gesture.expense.Expensee;
				PRODUCT_NAME = "$(TARGET_NAME)";
				SWIFT_VERSION = 5.0;
				TARGETED_DEVICE_FAMILY = "1,2";
			};
			name = Release;
		};
/* End XCBuildConfiguration section */

/* Begin XCConfigurationList section */
		24AF02B825E5747700BD8060 /* Build configuration list for PBXProject "Expensee" */ = {
			isa = XCConfigurationList;
			buildConfigurations = (
				24AF02D225E5747800BD8060 /* Debug */,
				24AF02D325E5747800BD8060 /* Release */,
			);
			defaultConfigurationIsVisible = 0;
			defaultConfigurationName = Release;
		};
		24AF02D425E5747800BD8060 /* Build configuration list for PBXNativeTarget "Expensee" */ = {
			isa = XCConfigurationList;
			buildConfigurations = (
				24AF02D525E5747800BD8060 /* Debug */,
				24AF02D625E5747800BD8060 /* Release */,
			);
			defaultConfigurationIsVisible = 0;
			defaultConfigurationName = Release;
		};
/* End XCConfigurationList section */

/* Begin XCVersionGroup section */
		24AF02C925E5747700BD8060 /* Expensee.xcdatamodeld */ = {
			isa = XCVersionGroup;
			children = (
				24AF02CA25E5747700BD8060 /* Expensee.xcdatamodel */,
			);
			currentVersion = 24AF02CA25E5747700BD8060 /* Expensee.xcdatamodel */;
			path = Expensee.xcdatamodeld;
			sourceTree = "<group>";
			versionGroupType = wrapper.xcdatamodel;
		};
/* End XCVersionGroup section */
	};
	rootObject = 24AF02B525E5747700BD8060 /* Project object */;
}
